
Microsoft Visual Studio Solution File, Format Version 12.00
# Visual Studio Version 16
VisualStudioVersion = 16.0.31129.286
MinimumVisualStudioVersion = 10.0.40219.1
Project("{FAE04EC0-301F-11D3-BF4B-00C04F79EFBC}") = "Awaiter", "Awaiter\Awaiter.csproj", "{CBE3DA8A-BCA1-43F0-B726-6955815D3A1C}"
EndProject
Project("{FAE04EC0-301F-11D3-BF4B-00C04F79EFBC}") = "Side", "Side\Side.csproj", "{9FA01C6C-A0EB-421D-9BF6-A6C8310E5503}"
EndProject
Global
	GlobalSection(SolutionConfigurationPlatforms) = preSolution
		Debug|Any CPU = Debug|Any CPU
		Release|Any CPU = Release|Any CPU
	EndGlobalSection
	GlobalSection(ProjectConfigurationPlatforms) = postSolution
		{CBE3DA8A-BCA1-43F0-B726-6955815D3A1C}.Debug|Any CPU.ActiveCfg = Debug|Any CPU
		{CBE3DA8A-BCA1-43F0-B726-6955815D3A1C}.Debug|Any CPU.Build.0 = Debug|Any CPU
		{CBE3DA8A-BCA1-43F0-B726-6955815D3A1C}.Release|Any CPU.ActiveCfg = Release|Any CPU
		{CBE3DA8A-BCA1-43F0-B726-6955815D3A1C}.Release|Any CPU.Build.0 = Release|Any CPU
		{9FA01C6C-A0EB-421D-9BF6-A6C8310E5503}.Debug|Any CPU.ActiveCfg = Debug|Any CPU
		{9FA01C6C-A0EB-421D-9BF6-A6C8310E5503}.Debug|Any CPU.Build.0 = Debug|Any CPU
		{9FA01C6C-A0EB-421D-9BF6-A6C8310E5503}.Release|Any CPU.ActiveCfg = Release|Any CPU
		{9FA01C6C-A0EB-421D-9BF6-A6C8310E5503}.Release|Any CPU.Build.0 = Release|Any CPU
	EndGlobalSection
	GlobalSection(SolutionProperties) = preSolution
		HideSolutionNode = FALSE
	EndGlobalSection
	GlobalSection(ExtensibilityGlobals) = postSolution
		SolutionGuid = {1044D576-3565-48E2-A149-6EF171CDA90F}
	EndGlobalSection
EndGlobal
