
Microsoft Visual Studio Solution File, Format Version 12.00
# Visual Studio Version 16
VisualStudioVersion = 16.0.31129.286
MinimumVisualStudioVersion = 10.0.40219.1
Project("{FAE04EC0-301F-11D3-BF4B-00C04F79EFBC}") = "Helpers.SideCore", "Helpers.SideCore\Helpers.SideCore.csproj", "{63609FCE-3476-4A5E-A7BC-FF18042356DB}"
EndProject
Project("{FAE04EC0-301F-11D3-BF4B-00C04F79EFBC}") = "Helpers.Linq", "Helpers.Linq\Helpers.Linq.csproj", "{9F6F9B92-41F5-4BA9-A22F-8B75A4BC29C9}"
EndProject
Global
	GlobalSection(SolutionConfigurationPlatforms) = preSolution
		Debug|Any CPU = Debug|Any CPU
		Release|Any CPU = Release|Any CPU
	EndGlobalSection
	GlobalSection(ProjectConfigurationPlatforms) = postSolution
		{63609FCE-3476-4A5E-A7BC-FF18042356DB}.Debug|Any CPU.ActiveCfg = Debug|Any CPU
		{63609FCE-3476-4A5E-A7BC-FF18042356DB}.Debug|Any CPU.Build.0 = Debug|Any CPU
		{63609FCE-3476-4A5E-A7BC-FF18042356DB}.Release|Any CPU.ActiveCfg = Release|Any CPU
		{63609FCE-3476-4A5E-A7BC-FF18042356DB}.Release|Any CPU.Build.0 = Release|Any CPU
		{9F6F9B92-41F5-4BA9-A22F-8B75A4BC29C9}.Debug|Any CPU.ActiveCfg = Debug|Any CPU
		{9F6F9B92-41F5-4BA9-A22F-8B75A4BC29C9}.Debug|Any CPU.Build.0 = Debug|Any CPU
		{9F6F9B92-41F5-4BA9-A22F-8B75A4BC29C9}.Release|Any CPU.ActiveCfg = Release|Any CPU
		{9F6F9B92-41F5-4BA9-A22F-8B75A4BC29C9}.Release|Any CPU.Build.0 = Release|Any CPU
	EndGlobalSection
	GlobalSection(SolutionProperties) = preSolution
		HideSolutionNode = FALSE
	EndGlobalSection
	GlobalSection(ExtensibilityGlobals) = postSolution
		SolutionGuid = {1044D576-3565-48E2-A149-6EF171CDA90F}
	EndGlobalSection
EndGlobal
